
Microsoft Visual Studio Solution File, Format Version 12.00
# Visual Studio Version 17
VisualStudioVersion = 17.4.33205.214
MinimumVisualStudioVersion = 10.0.40219.1
Project("{9A19103F-16F7-4668-BE54-9A1E7A4F7556}") = "IndianStateCensusAnalyzerProgram", "IndianStateCensusAnalyzerProgram.csproj", "{D8E2D948-95D7-49D0-BE0B-1EAC6A20FE83}"
EndProject
Global
	GlobalSection(SolutionConfigurationPlatforms) = preSolution
		Debug|Any CPU = Debug|Any CPU
		Release|Any CPU = Release|Any CPU
	EndGlobalSection
	GlobalSection(ProjectConfigurationPlatforms) = postSolution
		{D8E2D948-95D7-49D0-BE0B-1EAC6A20FE83}.Debug|Any CPU.ActiveCfg = Debug|Any CPU
		{D8E2D948-95D7-49D0-BE0B-1EAC6A20FE83}.Debug|Any CPU.Build.0 = Debug|Any CPU
		{D8E2D948-95D7-49D0-BE0B-1EAC6A20FE83}.Release|Any CPU.ActiveCfg = Release|Any CPU
		{D8E2D948-95D7-49D0-BE0B-1EAC6A20FE83}.Release|Any CPU.Build.0 = Release|Any CPU
	EndGlobalSection
	GlobalSection(SolutionProperties) = preSolution
		HideSolutionNode = FALSE
	EndGlobalSection
	GlobalSection(ExtensibilityGlobals) = postSolution
		SolutionGuid = {3D9EB282-A30F-4930-A07D-E214A0B5C95B}
	EndGlobalSection
EndGlobal
